
Microsoft Visual Studio Solution File, Format Version 12.00
# Visual Studio Version 17
VisualStudioVersion = 17.11.35219.272
MinimumVisualStudioVersion = 10.0.40219.1
Project("{FAE04EC0-301F-11D3-BF4B-00C04F79EFBC}") = "TinyDallasApp", "TinyDallasApp\TinyDallasApp.csproj", "{ACD35FB1-4F72-4B9F-A724-1E2D77D82729}"
EndProject
Global
	GlobalSection(SolutionConfigurationPlatforms) = preSolution
		Debug|Any CPU = Debug|Any CPU
		Release|Any CPU = Release|Any CPU
	EndGlobalSection
	GlobalSection(ProjectConfigurationPlatforms) = postSolution
		{ACD35FB1-4F72-4B9F-A724-1E2D77D82729}.Debug|Any CPU.ActiveCfg = Debug|Any CPU
		{ACD35FB1-4F72-4B9F-A724-1E2D77D82729}.Debug|Any CPU.Build.0 = Debug|Any CPU
		{ACD35FB1-4F72-4B9F-A724-1E2D77D82729}.Debug|Any CPU.Deploy.0 = Debug|Any CPU
		{ACD35FB1-4F72-4B9F-A724-1E2D77D82729}.Release|Any CPU.ActiveCfg = Release|Any CPU
		{ACD35FB1-4F72-4B9F-A724-1E2D77D82729}.Release|Any CPU.Build.0 = Release|Any CPU
		{ACD35FB1-4F72-4B9F-A724-1E2D77D82729}.Release|Any CPU.Deploy.0 = Release|Any CPU
	EndGlobalSection
	GlobalSection(SolutionProperties) = preSolution
		HideSolutionNode = FALSE
	EndGlobalSection
	GlobalSection(ExtensibilityGlobals) = postSolution
		SolutionGuid = {C835AFF1-E7A9-4800-BFC6-CFBDCA133AED}
	EndGlobalSection
EndGlobal
